# THIS IS AN AUTOGENERATED FILE. DO NOT EDIT THIS FILE DIRECTLY.
# yarn lockfile v1


directory-tree@^2.2.4:
  version "2.2.4"
  resolved "https://registry.yarnpkg.com/directory-tree/-/directory-tree-2.2.4.tgz#6d5bd7d82e48378e256a1e87b678a43c50076e2e"
  integrity sha512-2N43msQptKbi3WMfIs+U09yi6bfyKL+MWyj5VMj8t1F/Tx04bt1cn/EEIU3o1JBltlJk7NQnzOEuTNa/KQvbWA==
